lockVersion: 2.0.0
id: 2fefd62a-b026-4ac1-8a29-5c2cb97292ce
management:
  docChecksum: 7177117b34720d39eec15f8b1d2528b1
  docVersion: 0.1.0
  speakeasyVersion: 1.308.1
  generationVersion: 2.342.6
  releaseVersion: 0.2.0
  configChecksum: 9b0f32ce31bb8fbc8f19515346e747fe
  repoURL: https://github.com/teamlumos/terraform-provider-lumos.git
features:
  terraform:
    additionalDependencies: 0.1.0
    constsAndDefaults: 0.1.4
    core: 3.21.3
    examples: 2.81.5
    globalSecurity: 2.81.6
    globalServerURLs: 2.82.1
    unions: 2.81.15
generatedFiles:
  - internal/sdk/core.go
  - internal/sdk/appstore.go
  - internal/sdk/vendormanagement.go
  - internal/sdk/meta.go
  - internal/sdk/integrationwebhooks.go
  - internal/sdk/lumos.go
  - internal/sdk/models/errors/sdkerror.go
  - internal/sdk/types/bigint.go
  - internal/sdk/types/date.go
  - internal/sdk/types/datetime.go
  - internal/sdk/types/decimal.go
  - internal/sdk/types/pointers.go
  - internal/sdk/internal/utils/contenttype.go
  - internal/sdk/internal/utils/form.go
  - internal/sdk/internal/utils/headers.go
  - internal/sdk/internal/utils/json.go
  - internal/sdk/internal/utils/pathparams.go
  - internal/sdk/internal/utils/queryparams.go
  - internal/sdk/internal/utils/requestbody.go
  - internal/sdk/internal/utils/retries.go
  - internal/sdk/internal/utils/security.go
  - internal/sdk/internal/utils/utils.go
  - internal/sdk/models/operations/listapps.go
  - internal/sdk/models/operations/createapp.go
  - internal/sdk/models/operations/getappcategories.go
  - internal/sdk/models/operations/getapp.go
  - internal/sdk/models/operations/updateapp.go
  - internal/sdk/models/operations/getappsettings.go
  - internal/sdk/models/operations/updateappsettings.go
  - internal/sdk/models/operations/currentuser.go
  - internal/sdk/models/operations/listusers.go
  - internal/sdk/models/operations/getuser.go
  - internal/sdk/models/operations/getinlinewebhooksinlinewebhooksget.go
  - internal/sdk/models/operations/getaccounts.go
  - internal/sdk/models/operations/getgroupmembership.go
  - internal/sdk/models/operations/getgroup.go
  - internal/sdk/models/operations/getgroups.go
  - internal/sdk/models/operations/getuploadjobstate.go
  - internal/sdk/models/operations/getactivitylogs.go
  - internal/sdk/models/operations/postaccounts.go
  - internal/sdk/models/operations/activityrecords.go
  - internal/sdk/models/operations/getactivityrecordsjobstate.go
  - internal/sdk/models/operations/getappstorepermissionsforappappstorerequestablepermissionsget.go
  - internal/sdk/models/operations/createappstorerequestablepermissionappstorerequestablepermissionspost.go
  - internal/sdk/models/operations/getappstorepermissionappstorerequestablepermissionspermissionidget.go
  - internal/sdk/models/operations/deleteappstorepermissionappstorerequestablepermissionspermissioniddelete.go
  - internal/sdk/models/operations/updateappstorepermissionappstorerequestablepermissionspermissionidpatch.go
  - internal/sdk/models/operations/getappstorepreapprovalrulesforappappstorepreapprovalrulesget.go
  - internal/sdk/models/operations/createpreapprovalruleappstorepreapprovalrulespost.go
  - internal/sdk/models/operations/getappstorepreapprovalruleappstorepreapprovalrulespreapprovalruleidget.go
  - internal/sdk/models/operations/deletepreapprovalruleappstorepreapprovalrulespreapprovalruleiddelete.go
  - internal/sdk/models/operations/updatepreapprovalruleappstorepreapprovalrulespreapprovalruleidpatch.go
  - internal/sdk/models/operations/getappstoreappsettings.go
  - internal/sdk/models/operations/updateappstoreappsettings.go
  - internal/sdk/models/operations/getappstoreapps.go
  - internal/sdk/models/operations/addapptoappstore.go
  - internal/sdk/models/operations/getappstoreapp.go
  - internal/sdk/models/operations/removeappfromappstore.go
  - internal/sdk/models/operations/createaccessrequest.go
  - internal/sdk/models/operations/getaccessrequest.go
  - internal/sdk/models/operations/getaccessrequests.go
  - internal/sdk/models/operations/listvendoragreements.go
  - internal/sdk/models/operations/createfounddocumentjson.go
  - internal/sdk/models/operations/createfounddocumentmultipart.go
  - internal/sdk/models/operations/createorder.go
  - internal/sdk/models/operations/lumosart.go
  - internal/sdk/models/operations/lumoslivenesscheck.go
  - internal/sdk/models/operations/processairbasemilestoneevent.go
  - internal/sdk/models/shared/httpvalidationerror.go
  - internal/sdk/models/shared/validationerror.go
  - internal/sdk/models/shared/pageapp.go
  - internal/sdk/models/shared/app.go
  - internal/sdk/models/shared/discoverysource.go
  - internal/sdk/models/shared/domainappstatus.go
  - internal/sdk/models/shared/appinputcreate.go
  - internal/sdk/models/shared/appsettingoutput.go
  - internal/sdk/models/shared/inlinewebhooktype.go
  - internal/sdk/models/shared/timebasedaccessoptions.go
  - internal/sdk/models/shared/groupprovisioningoption.go
  - internal/sdk/models/shared/user.go
  - internal/sdk/models/shared/userlifecyclestatus.go
  - internal/sdk/models/shared/group.go
  - internal/sdk/models/shared/appstorevisibility.go
  - internal/sdk/models/shared/appsettinginput.go
  - internal/sdk/models/shared/baseuser.go
  - internal/sdk/models/shared/basegroup.go
  - internal/sdk/models/shared/pageuser.go
  - internal/sdk/models/shared/inlinewebhook.go
  - internal/sdk/models/shared/pageaccount.go
  - internal/sdk/models/shared/account.go
  - internal/sdk/models/shared/accounttype.go
  - internal/sdk/models/shared/pagegroup.go
  - internal/sdk/models/shared/jobstateoutput.go
  - internal/sdk/models/shared/flowstate.go
  - internal/sdk/models/shared/limitoffsetpageactivitylog.go
  - internal/sdk/models/shared/links.go
  - internal/sdk/models/shared/activitylog.go
  - internal/sdk/models/shared/accountsuploadinput.go
  - internal/sdk/models/shared/accountinput.go
  - internal/sdk/models/shared/attributeinput.go
  - internal/sdk/models/shared/permissioninput.go
  - internal/sdk/models/shared/accountlifecyclestatus.go
  - internal/sdk/models/shared/activityrecordoutput.go
  - internal/sdk/models/shared/runinfostatus.go
  - internal/sdk/models/shared/activityrecordinput.go
  - internal/sdk/models/shared/activityrecord.go
  - internal/sdk/models/shared/activityrecordeventtype.go
  - internal/sdk/models/shared/synctaskoutput.go
  - internal/sdk/models/shared/pagerequestablepermissionoutput.go
  - internal/sdk/models/shared/requestablepermissionoutput.go
  - internal/sdk/models/shared/requestapprovalstageoutput.go
  - internal/sdk/models/shared/approveroutput.go
  - internal/sdk/models/shared/approvertype.go
  - internal/sdk/models/shared/permissiontype.go
  - internal/sdk/models/shared/requestablepermissioninput.go
  - internal/sdk/models/shared/requestapprovalstageinput.go
  - internal/sdk/models/shared/approverinput.go
  - internal/sdk/models/shared/requestablepermissioninputupdate.go
  - internal/sdk/models/shared/pagepreapprovalruleoutput.go
  - internal/sdk/models/shared/preapprovalruleoutput.go
  - internal/sdk/models/shared/requestablepermissionbaseoutput.go
  - internal/sdk/models/shared/preapprovalruleinput.go
  - internal/sdk/models/shared/baseinlinewebhook.go
  - internal/sdk/models/shared/requestablepermissionbase.go
  - internal/sdk/models/shared/preapprovalruleupdateinput.go
  - internal/sdk/models/shared/appstoreappsettingsoutput.go
  - internal/sdk/models/shared/appstoreappsettingsinput.go
  - internal/sdk/models/shared/pageappstoreapp.go
  - internal/sdk/models/shared/appstoreapp.go
  - internal/sdk/models/shared/addapptoappstoreinput.go
  - internal/sdk/models/shared/accessrequest.go
  - internal/sdk/models/shared/supportrequeststatus.go
  - internal/sdk/models/shared/createaccessrequestinput.go
  - internal/sdk/models/shared/pageaccessrequest.go
  - internal/sdk/models/shared/pagevendoragreement.go
  - internal/sdk/models/shared/vendoragreement.go
  - internal/sdk/models/shared/lineitem.go
  - internal/sdk/models/shared/founddocumentsupload.go
  - internal/sdk/models/shared/lineitemupload.go
  - internal/sdk/models/shared/fileupload.go
  - internal/sdk/models/shared/fileuploadtype.go
  - internal/sdk/models/shared/orderinput.go
  - internal/sdk/models/shared/ordercustomattribute.go
  - internal/sdk/models/shared/ordercustomattributetype.go
  - internal/sdk/models/shared/lineiteminput.go
  - internal/sdk/models/shared/airbasepurchaserequestevent.go
  - internal/sdk/models/shared/security.go
  - internal/sdk/.gitignore
  - internal/sdk/.gitattributes
  - internal/sdk/internal/hooks/registration.go
  - internal/sdk/internal/hooks/hooks.go
  - examples/README.md
  - go.mod
  - go.sum
  - internal/planmodifiers/boolplanmodifier/suppress_diff.go
  - internal/planmodifiers/float64planmodifier/suppress_diff.go
  - internal/planmodifiers/int64planmodifier/suppress_diff.go
  - internal/planmodifiers/listplanmodifier/suppress_diff.go
  - internal/planmodifiers/mapplanmodifier/suppress_diff.go
  - internal/planmodifiers/numberplanmodifier/suppress_diff.go
  - internal/planmodifiers/objectplanmodifier/suppress_diff.go
  - internal/planmodifiers/setplanmodifier/suppress_diff.go
  - internal/planmodifiers/stringplanmodifier/suppress_diff.go
  - internal/planmodifiers/utils/state_check.go
  - internal/provider/reflect/diags.go
  - internal/provider/reflect/doc.go
  - internal/provider/reflect/generic_attr_value.go
  - internal/provider/reflect/helpers.go
  - internal/provider/reflect/interfaces.go
  - internal/provider/reflect/into.go
  - internal/provider/reflect/map.go
  - internal/provider/reflect/number.go
  - internal/provider/reflect/options.go
  - internal/provider/reflect/outof.go
  - internal/provider/reflect/pointer.go
  - internal/provider/reflect/primitive.go
  - internal/provider/reflect/slice.go
  - internal/provider/reflect/struct.go
  - internal/provider/utils.go
  - internal/validators/DateValidator.go
  - internal/validators/ExactlyOneChild.go
  - internal/validators/JSONParseValidator.go
  - internal/validators/RFC3339Validator.go
  - internal/validators/boolvalidators/not_null.go
  - internal/validators/float64validators/not_null.go
  - internal/validators/int64validators/not_null.go
  - internal/validators/listvalidators/not_null.go
  - internal/validators/mapvalidators/not_null.go
  - internal/validators/numbervalidators/not_null.go
  - internal/validators/objectvalidators/not_null.go
  - internal/validators/setvalidators/not_null.go
  - internal/validators/stringvalidators/not_null.go
  - main.go
  - terraform-registry-manifest.json
  - tools/tools.go
  - internal/provider/types/add_app_to_app_store_input_access_removal_inline_webhook.go
  - internal/provider/types/add_app_to_app_store_input_provisioning.go
  - internal/provider/types/group.go
  - internal/provider/types/user.go
  - internal/provider/types/add_app_to_app_store_input_admins.go
  - internal/provider/types/add_app_to_app_store_input_allowed_groups.go
  - internal/provider/types/add_app_to_app_store_input_request_flow.go
  - internal/provider/types/requestable_permission_base.go
  - internal/provider/types/requestable_permission_input_request_approval_config.go
  - internal/provider/types/requestable_permission_input_request_fulfillment_config.go
  - internal/provider/types/requestable_permission_input_request_config.go
  - internal/provider/types/app.go
  - USAGE.md
  - internal/provider/provider.go
  - examples/provider/provider.tf
  - examples/resources/lumos_app/import.sh
  - internal/provider/app_resource.go
  - internal/provider/app_resource_sdk.go
  - examples/resources/lumos_app/resource.tf
  - examples/resources/lumos_app_store_app/import.sh
  - internal/provider/appstoreapp_resource.go
  - internal/provider/appstoreapp_resource_sdk.go
  - examples/resources/lumos_app_store_app/resource.tf
  - internal/provider/preapprovalrule_resource.go
  - internal/provider/preapprovalrule_resource_sdk.go
  - examples/resources/lumos_pre_approval_rule/resource.tf
  - examples/resources/lumos_requestable_permission/import.sh
  - internal/provider/requestablepermission_resource.go
  - internal/provider/requestablepermission_resource_sdk.go
  - examples/resources/lumos_requestable_permission/resource.tf
  - internal/provider/app_data_source.go
  - internal/provider/app_data_source_sdk.go
  - examples/data-sources/lumos_app/data-source.tf
  - internal/provider/apps_data_source.go
  - internal/provider/apps_data_source_sdk.go
  - examples/data-sources/lumos_apps/data-source.tf
  - internal/provider/appstoreapp_data_source.go
  - internal/provider/appstoreapp_data_source_sdk.go
  - examples/data-sources/lumos_app_store_app/data-source.tf
  - internal/provider/appstoreappsettings_data_source.go
  - internal/provider/appstoreappsettings_data_source_sdk.go
  - examples/data-sources/lumos_app_store_app_settings/data-source.tf
  - internal/provider/group_data_source.go
  - internal/provider/group_data_source_sdk.go
  - examples/data-sources/lumos_group/data-source.tf
  - internal/provider/groups_data_source.go
  - internal/provider/groups_data_source_sdk.go
  - examples/data-sources/lumos_groups/data-source.tf
  - internal/provider/requestablepermission_data_source.go
  - internal/provider/requestablepermission_data_source_sdk.go
  - examples/data-sources/lumos_requestable_permission/data-source.tf
  - internal/provider/user_data_source.go
  - internal/provider/user_data_source_sdk.go
  - examples/data-sources/lumos_user/data-source.tf
  - internal/provider/users_data_source.go
  - internal/provider/users_data_source_sdk.go
  - examples/data-sources/lumos_users/data-source.tf
  - .gitattributes
