speakeasyVersion: 1.346.0
sources:
    FastAPI:
        sourceNamespace: fast-api
        sourceRevisionDigest: sha256:e9391c6bb2cd97e104d7081e7bd346cb94a0da1c3234595bd5471fe9891abe69
        sourceBlobDigest: sha256:cc2295af501fba092cc21eb5aa6b67285e9edda06b807ff2ae9910c6fd1c3a25
        tags:
            - latest
targets:
    lumos-terraform-provider-target:
        source: FastAPI
        sourceNamespace: fast-api
        sourceRevisionDigest: sha256:e9391c6bb2cd97e104d7081e7bd346cb94a0da1c3234595bd5471fe9891abe69
        sourceBlobDigest: sha256:cc2295af501fba092cc21eb5aa6b67285e9edda06b807ff2ae9910c6fd1c3a25
        outLocation: /Users/niamh/terraform-provider-lumos
workflow:
    workflowVersion: 1.0.0
    speakeasyVersion: latest
    sources:
        FastAPI:
            inputs:
                - location: ./original-openapi.json
            overlays:
                - location: ./overlay.yaml
            registry:
                location: registry.speakeasyapi.dev/lumos/lumos/fast-api
    targets:
        lumos-terraform-provider-target:
            target: terraform
            source: FastAPI
