speakeasyVersion: 1.401.0
sources:
    FastAPI:
        sourceNamespace: fast-api
        sourceRevisionDigest: sha256:a9527aa01be7cc280557bba53b907b1ba7ae3fd0c599fa8cdf73e7d773319487
        sourceBlobDigest: sha256:72e0b6cd83dddce57322b10d5eb19b866bbec2fb1d2553ab5bfe3ece0622d6f0
        tags:
            - latest
targets:
    lumos-terraform-provider-target:
        source: FastAPI
        sourceNamespace: fast-api
        sourceRevisionDigest: sha256:a9527aa01be7cc280557bba53b907b1ba7ae3fd0c599fa8cdf73e7d773319487
        sourceBlobDigest: sha256:72e0b6cd83dddce57322b10d5eb19b866bbec2fb1d2553ab5bfe3ece0622d6f0
workflow:
    workflowVersion: 1.0.0
    speakeasyVersion: latest
    sources:
        FastAPI:
            inputs:
                - location: ./original-openapi.json
            overlays:
                - location: ./overlay.yaml
            registry:
                location: registry.speakeasyapi.dev/lumos/lumos/fast-api
    targets:
        lumos-terraform-provider-target:
            target: terraform
            source: FastAPI
