speakeasyVersion: 1.306.0
sources:
    FastAPI:
        sourceNamespace: fast-api
        sourceRevisionDigest: sha256:f1824bb58084e67c3eeac8c9470c31b843a0a81eebcb4d13d8d6d6df0da45a60
        sourceBlobDigest: sha256:577bae4eefd2a93375090e7aa45616f1982a874499a243b53696b8b7ad3688fa
        tags:
            - latest
targets:
    lumos-terraform-provider-target:
        source: FastAPI
        sourceNamespace: fast-api
        sourceRevisionDigest: sha256:f1824bb58084e67c3eeac8c9470c31b843a0a81eebcb4d13d8d6d6df0da45a60
        sourceBlobDigest: sha256:577bae4eefd2a93375090e7aa45616f1982a874499a243b53696b8b7ad3688fa
        outLocation: /Users/ethanzh/terraform-provider-lumos
    my-first-target:
        source: FastAPI
        sourceNamespace: fast-api
        sourceRevisionDigest: sha256:c7bfbd2507a1b679b1a5e99fc53f77370ddeac9201149fe8bb5b0ad20e6d1a6d
        sourceBlobDigest: sha256:7085f4389a0dcecab80175f9446957ce91d0887c165019a4d62c520885f150f9
        outLocation: /Users/ethanzh/terraform-provider-lumos
workflow:
    workflowVersion: 1.0.0
    speakeasyVersion: latest
    sources:
        FastAPI:
            inputs:
                - location: ./original-openapi.json
            overlays:
                - location: ./overlay.yaml
            registry:
                location: registry.speakeasyapi.dev/lumos/lumos/fast-api
    targets:
        lumos-terraform-provider-target:
            target: terraform
            source: FastAPI
